Microsoft Visual Studio Solution File, Format Version 12.00
# Visual Studio Version 17
VisualStudioVersion = 17.0.31611.283
MinimumVisualStudioVersion = 10.0.40219.1
Project("{9A19103F-16F7-4668-BE54-9A1E7A4F7556}") = "FelipeBastosWeb", "..\FelipeBastosWeb\FelipeBastosWeb\FelipeBastosWeb.csproj", "{69CFD83A-8BB0-4389-8864-A3E45B26F799}"
EndProject
Project("{FAE04EC0-301F-11D3-BF4B-00C04F79EFBC}") = "LmsApp", "LmsApp\LmsApp.csproj", "{59212C9B-4EA0-4CC2-9AF8-9D012159787B}"
EndProject
Global
	GlobalSection(SolutionConfigurationPlatforms) = preSolution
		Debug|Any CPU = Debug|Any CPU
		Release|Any CPU = Release|Any CPU
	EndGlobalSection
	GlobalSection(ProjectConfigurationPlatforms) = postSolution
		{69CFD83A-8BB0-4389-8864-A3E45B26F799}.Debug|Any CPU.ActiveCfg = Debug|Any CPU
		{69CFD83A-8BB0-4389-8864-A3E45B26F799}.Debug|Any CPU.Build.0 = Debug|Any CPU
		{69CFD83A-8BB0-4389-8864-A3E45B26F799}.Release|Any CPU.ActiveCfg = Release|Any CPU
		{69CFD83A-8BB0-4389-8864-A3E45B26F799}.Release|Any CPU.Build.0 = Release|Any CPU
		{59212C9B-4EA0-4CC2-9AF8-9D012159787B}.Debug|Any CPU.ActiveCfg = Debug|Any CPU
		{59212C9B-4EA0-4CC2-9AF8-9D012159787B}.Debug|Any CPU.Build.0 = Debug|Any CPU
		{59212C9B-4EA0-4CC2-9AF8-9D012159787B}.Debug|Any CPU.Deploy.0 = Debug|Any CPU
		{59212C9B-4EA0-4CC2-9AF8-9D012159787B}.Release|Any CPU.ActiveCfg = Release|Any CPU
		{59212C9B-4EA0-4CC2-9AF8-9D012159787B}.Release|Any CPU.Build.0 = Release|Any CPU
		{59212C9B-4EA0-4CC2-9AF8-9D012159787B}.Release|Any CPU.Deploy.0 = Release|Any CPU
	EndGlobalSection
	GlobalSection(SolutionProperties) = preSolution
		HideSolutionNode = FALSE
	EndGlobalSection
	GlobalSection(ExtensibilityGlobals) = postSolution
		SolutionGuid = {3E7A3922-0DE8-4193-BFD9-E7D58BB32484}
		        SolutionGuid = {61F7FB11-1E47-470C-91E2-47F8143E1572}
	EndGlobalSection
EndGlobal
